
Microsoft Visual Studio Solution File, Format Version 12.00
# Visual Studio Version 17
VisualStudioVersion = 17.6.33723.286
MinimumVisualStudioVersion = 10.0.40219.1
Project("{FAE04EC0-301F-11D3-BF4B-00C04F79EFBC}") = "chatapp", "chatapp\chatapp.csproj", "{9C37F407-D275-4D23-B15E-3BC087DFBDC8}"
EndProject
Global
	GlobalSection(SolutionConfigurationPlatforms) = preSolution
		Debug|Any CPU = Debug|Any CPU
		Release|Any CPU = Release|Any CPU
	EndGlobalSection
	GlobalSection(ProjectConfigurationPlatforms) = postSolution
		{9C37F407-D275-4D23-B15E-3BC087DFBDC8}.Debug|Any CPU.ActiveCfg = Debug|Any CPU
		{9C37F407-D275-4D23-B15E-3BC087DFBDC8}.Debug|Any CPU.Build.0 = Debug|Any CPU
		{9C37F407-D275-4D23-B15E-3BC087DFBDC8}.Release|Any CPU.ActiveCfg = Release|Any CPU
		{9C37F407-D275-4D23-B15E-3BC087DFBDC8}.Release|Any CPU.Build.0 = Release|Any CPU
	EndGlobalSection
	GlobalSection(SolutionProperties) = preSolution
		HideSolutionNode = FALSE
	EndGlobalSection
	GlobalSection(ExtensibilityGlobals) = postSolution
		SolutionGuid = {E3EF3CCA-25BC-4A94-A457-FADC78E28E9F}
	EndGlobalSection
EndGlobal
